
Microsoft Visual Studio Solution File, Format Version 12.00
# Visual Studio Version 17
VisualStudioVersion = 17.8.34330.188
MinimumVisualStudioVersion = 10.0.40219.1
Project("{FAE04EC0-301F-11D3-BF4B-00C04F79EFBC}") = "Objective.Desafio", "Objective.Desafio\Objective.Desafio.csproj", "{E637ED01-FF23-4230-A72E-E0E959F3AEE7}"
EndProject
Global
	GlobalSection(SolutionConfigurationPlatforms) = preSolution
		Debug|Any CPU = Debug|Any CPU
		Release|Any CPU = Release|Any CPU
	EndGlobalSection
	GlobalSection(ProjectConfigurationPlatforms) = postSolution
		{E637ED01-FF23-4230-A72E-E0E959F3AEE7}.Debug|Any CPU.ActiveCfg = Debug|Any CPU
		{E637ED01-FF23-4230-A72E-E0E959F3AEE7}.Debug|Any CPU.Build.0 = Debug|Any CPU
		{E637ED01-FF23-4230-A72E-E0E959F3AEE7}.Release|Any CPU.ActiveCfg = Release|Any CPU
		{E637ED01-FF23-4230-A72E-E0E959F3AEE7}.Release|Any CPU.Build.0 = Release|Any CPU
	EndGlobalSection
	GlobalSection(SolutionProperties) = preSolution
		HideSolutionNode = FALSE
	EndGlobalSection
	GlobalSection(ExtensibilityGlobals) = postSolution
		SolutionGuid = {E58709AC-2010-4413-8090-681F798884A5}
	EndGlobalSection
EndGlobal
